
Microsoft Visual Studio Solution File, Format Version 12.00
# Visual Studio Version 17
VisualStudioVersion = 17.8.34511.84
MinimumVisualStudioVersion = 10.0.40219.1
Project("{FAE04EC0-301F-11D3-BF4B-00C04F79EFBC}") = "RFI", "RFI.csproj", "{1187BA2A-C4C9-440B-BF16-55ACD37C91E0}"
EndProject
Global
	GlobalSection(SolutionConfigurationPlatforms) = preSolution
		Debug|Any CPU = Debug|Any CPU
		Release|Any CPU = Release|Any CPU
	EndGlobalSection
	GlobalSection(ProjectConfigurationPlatforms) = postSolution
		{1187BA2A-C4C9-440B-BF16-55ACD37C91E0}.Debug|Any CPU.ActiveCfg = Debug|Any CPU
		{1187BA2A-C4C9-440B-BF16-55ACD37C91E0}.Debug|Any CPU.Build.0 = Debug|Any CPU
		{1187BA2A-C4C9-440B-BF16-55ACD37C91E0}.Release|Any CPU.ActiveCfg = Release|Any CPU
		{1187BA2A-C4C9-440B-BF16-55ACD37C91E0}.Release|Any CPU.Build.0 = Release|Any CPU
	EndGlobalSection
	GlobalSection(SolutionProperties) = preSolution
		HideSolutionNode = FALSE
	EndGlobalSection
	GlobalSection(ExtensibilityGlobals) = postSolution
		SolutionGuid = {9D6B37BA-9AA7-4BA2-9E85-83CFB44496A7}
	EndGlobalSection
EndGlobal
